// !$*UTF8*$!
{
	archiveVersion = 1;
	classes = {
	};
	objectVersion = 56;
	objects = {

/* Begin PBXBuildFile section */
		519BBB4B292F736F00FC064C /* CheckYourAnswerApp.swift in Sources */ = {isa = PBXBuildFile; fileRef = 519BBB4A292F736F00FC064C /* CheckYourAnswerApp.swift */; };
		519BBB4F292F737400FC064C /* Assets.xcassets in Resources */ = {isa = PBXBuildFile; fileRef = 519BBB4E292F737400FC064C /* Assets.xcassets */; };
		519BBB52292F737400FC064C /* Preview Assets.xcassets in Resources */ = {isa = PBXBuildFile; fileRef = 519BBB51292F737400FC064C /* Preview Assets.xcassets */; };
		519BBB59292F73B800FC064C /* AnswerView.swift in Sources */ = {isa = PBXBuildFile; fileRef = 519BBB58292F73B800FC064C /* AnswerView.swift */; };
		519BBB5B292F7C5B00FC064C /* AnswerModel.swift in Sources */ = {isa = PBXBuildFile; fileRef = 519BBB5A292F7C5B00FC064C /* AnswerModel.swift */; };
		519BBB5D292F871900FC064C /* AnswerQuestionView.swift in Sources */ = {isa = PBXBuildFile; fileRef = 519BBB5C292F871900FC064C /* AnswerQuestionView.swift */; };
		519BBB5F292F8F9500FC064C /* TestQuestionList.swift in Sources */ = {isa = PBXBuildFile; fileRef = 519BBB5E292F8F9500FC064C /* TestQuestionList.swift */; };
		519BBB61292F9B6F00FC064C /* TestElementView.swift in Sources */ = {isa = PBXBuildFile; fileRef = 519BBB60292F9B6F00FC064C /* TestElementView.swift */; };
		519BBB63292FA01300FC064C /* MainAppScreen.swift in Sources */ = {isa = PBXBuildFile; fileRef = 519BBB62292FA01300FC064C /* MainAppScreen.swift */; };
		519BBB65292FA13000FC064C /* QuestionView.swift in Sources */ = {isa = PBXBuildFile; fileRef = 519BBB64292FA13000FC064C /* QuestionView.swift */; };
		519BBB672932347F00FC064C /* JsonExample.json in Resources */ = {isa = PBXBuildFile; fileRef = 519BBB662932347F00FC064C /* JsonExample.json */; };
		519BBB692932371E00FC064C /* AnswerModel-ViewModel.swift in Sources */ = {isa = PBXBuildFile; fileRef = 519BBB682932371E00FC064C /* AnswerModel-ViewModel.swift */; };
		519BBB6B29336B8500FC064C /* BundleDecoder.swift in Sources */ = {isa = PBXBuildFile; fileRef = 519BBB6A29336B8500FC064C /* BundleDecoder.swift */; };
		519BBB6D2933BBF500FC064C /* TestDetailsView.swift in Sources */ = {isa = PBXBuildFile; fileRef = 519BBB6C2933BBF500FC064C /* TestDetailsView.swift */; };
		519BBB6F2933C19500FC064C /* TestCreationView.swift in Sources */ = {isa = PBXBuildFile; fileRef = 519BBB6E2933C19500FC064C /* TestCreationView.swift */; };
/* End PBXBuildFile section */

/* Begin PBXFileReference section */
		519BBB47292F736E00FC064C /* CheckYourAnswer.app */ = {isa = PBXFileReference; explicitFileType = wrapper.application; includeInIndex = 0; path = CheckYourAnswer.app; sourceTree = BUILT_PRODUCTS_DIR; };
		519BBB4A292F736F00FC064C /* CheckYourAnswerApp.swift */ = {isa = PBXFileReference; lastKnownFileType = sourcecode.swift; path = CheckYourAnswerApp.swift; sourceTree = "<group>"; };
		519BBB4E292F737400FC064C /* Assets.xcassets */ = {isa = PBXFileReference; lastKnownFileType = folder.assetcatalog; path = Assets.xcassets; sourceTree = "<group>"; };
		519BBB51292F737400FC064C /* Preview Assets.xcassets */ = {isa = PBXFileReference; lastKnownFileType = folder.assetcatalog; path = "Preview Assets.xcassets"; sourceTree = "<group>"; };
		519BBB58292F73B800FC064C /* AnswerView.swift */ = {isa = PBXFileReference; lastKnownFileType = sourcecode.swift; path = AnswerView.swift; sourceTree = "<group>"; };
		519BBB5A292F7C5B00FC064C /* AnswerModel.swift */ = {isa = PBXFileReference; lastKnownFileType = sourcecode.swift; path = AnswerModel.swift; sourceTree = "<group>"; };
		519BBB5C292F871900FC064C /* AnswerQuestionView.swift */ = {isa = PBXFileReference; lastKnownFileType = sourcecode.swift; path = AnswerQuestionView.swift; sourceTree = "<group>"; };
		519BBB5E292F8F9500FC064C /* TestQuestionList.swift */ = {isa = PBXFileReference; lastKnownFileType = sourcecode.swift; path = TestQuestionList.swift; sourceTree = "<group>"; };
		519BBB60292F9B6F00FC064C /* TestElementView.swift */ = {isa = PBXFileReference; lastKnownFileType = sourcecode.swift; path = TestElementView.swift; sourceTree = "<group>"; };
		519BBB62292FA01300FC064C /* MainAppScreen.swift */ = {isa = PBXFileReference; lastKnownFileType = sourcecode.swift; path = MainAppScreen.swift; sourceTree = "<group>"; };
		519BBB64292FA13000FC064C /* QuestionView.swift */ = {isa = PBXFileReference; lastKnownFileType = sourcecode.swift; path = QuestionView.swift; sourceTree = "<group>"; };
		519BBB662932347F00FC064C /* JsonExample.json */ = {isa = PBXFileReference; fileEncoding = 4; lastKnownFileType = text.json; path = JsonExample.json; sourceTree = "<group>"; };
		519BBB682932371E00FC064C /* AnswerModel-ViewModel.swift */ = {isa = PBXFileReference; lastKnownFileType = sourcecode.swift; path = "AnswerModel-ViewModel.swift"; sourceTree = "<group>"; };
		519BBB6A29336B8500FC064C /* BundleDecoder.swift */ = {isa = PBXFileReference; lastKnownFileType = sourcecode.swift; path = BundleDecoder.swift; sourceTree = "<group>"; };
		519BBB6C2933BBF500FC064C /* TestDetailsView.swift */ = {isa = PBXFileReference; lastKnownFileType = sourcecode.swift; path = TestDetailsView.swift; sourceTree = "<group>"; };
		519BBB6E2933C19500FC064C /* TestCreationView.swift */ = {isa = PBXFileReference; lastKnownFileType = sourcecode.swift; path = TestCreationView.swift; sourceTree = "<group>"; };
/* End PBXFileReference section */

/* Begin PBXFrameworksBuildPhase section */
		519BBB44292F736E00FC064C /* Frameworks */ = {
			isa = PBXFrameworksBuildPhase;
			buildActionMask = 2147483647;
			files = (
			);
			runOnlyForDeploymentPostprocessing = 0;
		};
/* End PBXFrameworksBuildPhase section */

/* Begin PBXGroup section */
		519BBB3E292F736E00FC064C = {
			isa = PBXGroup;
			children = (
				519BBB49292F736F00FC064C /* CheckYourAnswer */,
				519BBB48292F736E00FC064C /* Products */,
			);
			sourceTree = "<group>";
		};
		519BBB48292F736E00FC064C /* Products */ = {
			isa = PBXGroup;
			children = (
				519BBB47292F736E00FC064C /* CheckYourAnswer.app */,
			);
			name = Products;
			sourceTree = "<group>";
		};
		519BBB49292F736F00FC064C /* CheckYourAnswer */ = {
			isa = PBXGroup;
			children = (
				519BBB5A292F7C5B00FC064C /* AnswerModel.swift */,
				519BBB682932371E00FC064C /* AnswerModel-ViewModel.swift */,
				519BBB6A29336B8500FC064C /* BundleDecoder.swift */,
				519BBB662932347F00FC064C /* JsonExample.json */,
				519BBB4A292F736F00FC064C /* CheckYourAnswerApp.swift */,
				519BBB62292FA01300FC064C /* MainAppScreen.swift */,
				519BBB58292F73B800FC064C /* AnswerView.swift */,
				519BBB5C292F871900FC064C /* AnswerQuestionView.swift */,
				519BBB64292FA13000FC064C /* QuestionView.swift */,
				519BBB60292F9B6F00FC064C /* TestElementView.swift */,
				519BBB5E292F8F9500FC064C /* TestQuestionList.swift */,
				519BBB6C2933BBF500FC064C /* TestDetailsView.swift */,
				519BBB6E2933C19500FC064C /* TestCreationView.swift */,
				519BBB4E292F737400FC064C /* Assets.xcassets */,
				519BBB50292F737400FC064C /* Preview Content */,
			);
			path = CheckYourAnswer;
			sourceTree = "<group>";
		};
		519BBB50292F737400FC064C /* Preview Content */ = {
			isa = PBXGroup;
			children = (
				519BBB51292F737400FC064C /* Preview Assets.xcassets */,
			);
			path = "Preview Content";
			sourceTree = "<group>";
		};
/* End PBXGroup section */

/* Begin PBXNativeTarget section */
		519BBB46292F736E00FC064C /* CheckYourAnswer */ = {
			isa = PBXNativeTarget;
			buildConfigurationList = 519BBB55292F737400FC064C /* Build configuration list for PBXNativeTarget "CheckYourAnswer" */;
			buildPhases = (
				519BBB43292F736E00FC064C /* Sources */,
				519BBB44292F736E00FC064C /* Frameworks */,
				519BBB45292F736E00FC064C /* Resources */,
			);
			buildRules = (
			);
			dependencies = (
			);
			name = CheckYourAnswer;
			productName = CheckYourAnswer;
			productReference = 519BBB47292F736E00FC064C /* CheckYourAnswer.app */;
			productType = "com.apple.product-type.application";
		};
/* End PBXNativeTarget section */

/* Begin PBXProject section */
		519BBB3F292F736E00FC064C /* Project object */ = {
			isa = PBXProject;
			attributes = {
				BuildIndependentTargetsInParallel = 1;
				LastSwiftUpdateCheck = 1400;
				LastUpgradeCheck = 1400;
				TargetAttributes = {
					519BBB46292F736E00FC064C = {
						CreatedOnToolsVersion = 14.0.1;
					};
				};
			};
			buildConfigurationList = 519BBB42292F736E00FC064C /* Build configuration list for PBXProject "CheckYourAnswer" */;
			compatibilityVersion = "Xcode 14.0";
			developmentRegion = en;
			hasScannedForEncodings = 0;
			knownRegions = (
				en,
				Base,
			);
			mainGroup = 519BBB3E292F736E00FC064C;
			productRefGroup = 519BBB48292F736E00FC064C /* Products */;
			projectDirPath = "";
			projectRoot = "";
			targets = (
				519BBB46292F736E00FC064C /* CheckYourAnswer */,
			);
		};
/* End PBXProject section */

/* Begin PBXResourcesBuildPhase section */
		519BBB45292F736E00FC064C /* Resources */ = {
			isa = PBXResourcesBuildPhase;
			buildActionMask = 2147483647;
			files = (
				519BBB52292F737400FC064C /* Preview Assets.xcassets in Resources */,
				519BBB672932347F00FC064C /* JsonExample.json in Resources */,
				519BBB4F292F737400FC064C /* Assets.xcassets in Resources */,
			);
			runOnlyForDeploymentPostprocessing = 0;
		};
/* End PBXResourcesBuildPhase section */

/* Begin PBXSourcesBuildPhase section */
		519BBB43292F736E00FC064C /* Sources */ = {
			isa = PBXSourcesBuildPhase;
			buildActionMask = 2147483647;
			files = (
				519BBB5D292F871900FC064C /* AnswerQuestionView.swift in Sources */,
				519BBB61292F9B6F00FC064C /* TestElementView.swift in Sources */,
				519BBB692932371E00FC064C /* AnswerModel-ViewModel.swift in Sources */,
				519BBB5B292F7C5B00FC064C /* AnswerModel.swift in Sources */,
				519BBB6B29336B8500FC064C /* BundleDecoder.swift in Sources */,
				519BBB63292FA01300FC064C /* MainAppScreen.swift in Sources */,
				519BBB6D2933BBF500FC064C /* TestDetailsView.swift in Sources */,
				519BBB6F2933C19500FC064C /* TestCreationView.swift in Sources */,
				519BBB5F292F8F9500FC064C /* TestQuestionList.swift in Sources */,
				519BBB4B292F736F00FC064C /* CheckYourAnswerApp.swift in Sources */,
				519BBB65292FA13000FC064C /* QuestionView.swift in Sources */,
				519BBB59292F73B800FC064C /* AnswerView.swift in Sources */,
			);
			runOnlyForDeploymentPostprocessing = 0;
		};
/* End PBXSourcesBuildPhase section */

/* Begin XCBuildConfiguration section */
		519BBB53292F737400FC064C /* Debug */ = {
			isa = XCBuildConfiguration;
			buildSettings = {
				ALWAYS_SEARCH_USER_PATHS = NO;
				CLANG_ANALYZER_NONNULL = YES;
				CLANG_ANALYZER_NUMBER_OBJECT_CONVERSION = YES_AGGRESSIVE;
				CLANG_CXX_LANGUAGE_STANDARD = "gnu++20";
				CLANG_ENABLE_MODULES = YES;
				CLANG_ENABLE_OBJC_ARC = YES;
				CLANG_ENABLE_OBJC_WEAK = YES;
				CLANG_WARN_BLOCK_CAPTURE_AUTORELEASING = YES;
				CLANG_WARN_BOOL_CONVERSION = YES;
				CLANG_WARN_COMMA = YES;
				CLANG_WARN_CONSTANT_CONVERSION = YES;
				CLANG_WARN_DEPRECATED_OBJC_IMPLEMENTATIONS = YES;
				CLANG_WARN_DIRECT_OBJC_ISA_USAGE = YES_ERROR;
				CLANG_WARN_DOCUMENTATION_COMMENTS = YES;
				CLANG_WARN_EMPTY_BODY = YES;
				CLANG_WARN_ENUM_CONVERSION = YES;
				CLANG_WARN_INFINITE_RECURSION = YES;
				CLANG_WARN_INT_CONVERSION = YES;
				CLANG_WARN_NON_LITERAL_NULL_CONVERSION = YES;
				CLANG_WARN_OBJC_IMPLICIT_RETAIN_SELF = YES;
				CLANG_WARN_OBJC_LITERAL_CONVERSION = YES;
				CLANG_WARN_OBJC_ROOT_CLASS = YES_ERROR;
				CLANG_WARN_QUOTED_INCLUDE_IN_FRAMEWORK_HEADER = YES;
				CLANG_WARN_RANGE_LOOP_ANALYSIS = YES;
				CLANG_WARN_STRICT_PROTOTYPES = YES;
				CLANG_WARN_SUSPICIOUS_MOVE = YES;
				CLANG_WARN_UNGUARDED_AVAILABILITY = YES_AGGRESSIVE;
				CLANG_WARN_UNREACHABLE_CODE = YES;
				CLANG_WARN__DUPLICATE_METHOD_MATCH = YES;
				COPY_PHASE_STRIP = NO;
				DEBUG_INFORMATION_FORMAT = dwarf;
				ENABLE_STRICT_OBJC_MSGSEND = YES;
				ENABLE_TESTABILITY = YES;
				GCC_C_LANGUAGE_STANDARD = gnu11;
				GCC_DYNAMIC_NO_PIC = NO;
				GCC_NO_COMMON_BLOCKS = YES;
				GCC_OPTIMIZATION_LEVEL = 0;
				GCC_PREPROCESSOR_DEFINITIONS = (
					"DEBUG=1",
					"$(inherited)",
				);
				GCC_WARN_64_TO_32_BIT_CONVERSION = YES;
				GCC_WARN_ABOUT_RETURN_TYPE = YES_ERROR;
				GCC_WARN_UNDECLARED_SELECTOR = YES;
				GCC_WARN_UNINITIALIZED_AUTOS = YES_AGGRESSIVE;
				GCC_WARN_UNUSED_FUNCTION = YES;
				GCC_WARN_UNUSED_VARIABLE = YES;
				IPHONEOS_DEPLOYMENT_TARGET = 16.0;
				MTL_ENABLE_DEBUG_INFO = INCLUDE_SOURCE;
				MTL_FAST_MATH = YES;
				ONLY_ACTIVE_ARCH = YES;
				SDKROOT = iphoneos;
				SWIFT_ACTIVE_COMPILATION_CONDITIONS = DEBUG;
				SWIFT_OPTIMIZATION_LEVEL = "-Onone";
			};
			name = Debug;
		};
		519BBB54292F737400FC064C /* Release */ = {
			isa = XCBuildConfiguration;
			buildSettings = {
				ALWAYS_SEARCH_USER_PATHS = NO;
				CLANG_ANALYZER_NONNULL = YES;
				CLANG_ANALYZER_NUMBER_OBJECT_CONVERSION = YES_AGGRESSIVE;
				CLANG_CXX_LANGUAGE_STANDARD = "gnu++20";
				CLANG_ENABLE_MODULES = YES;
				CLANG_ENABLE_OBJC_ARC = YES;
				CLANG_ENABLE_OBJC_WEAK = YES;
				CLANG_WARN_BLOCK_CAPTURE_AUTORELEASING = YES;
				CLANG_WARN_BOOL_CONVERSION = YES;
				CLANG_WARN_COMMA = YES;
				CLANG_WARN_CONSTANT_CONVERSION = YES;
				CLANG_WARN_DEPRECATED_OBJC_IMPLEMENTATIONS = YES;
				CLANG_WARN_DIRECT_OBJC_ISA_USAGE = YES_ERROR;
				CLANG_WARN_DOCUMENTATION_COMMENTS = YES;
				CLANG_WARN_EMPTY_BODY = YES;
				CLANG_WARN_ENUM_CONVERSION = YES;
				CLANG_WARN_INFINITE_RECURSION = YES;
				CLANG_WARN_INT_CONVERSION = YES;
				CLANG_WARN_NON_LITERAL_NULL_CONVERSION = YES;
				CLANG_WARN_OBJC_IMPLICIT_RETAIN_SELF = YES;
				CLANG_WARN_OBJC_LITERAL_CONVERSION = YES;
				CLANG_WARN_OBJC_ROOT_CLASS = YES_ERROR;
				CLANG_WARN_QUOTED_INCLUDE_IN_FRAMEWORK_HEADER = YES;
				CLANG_WARN_RANGE_LOOP_ANALYSIS = YES;
				CLANG_WARN_STRICT_PROTOTYPES = YES;
				CLANG_WARN_SUSPICIOUS_MOVE = YES;
				CLANG_WARN_UNGUARDED_AVAILABILITY = YES_AGGRESSIVE;
				CLANG_WARN_UNREACHABLE_CODE = YES;
				CLANG_WARN__DUPLICATE_METHOD_MATCH = YES;
				COPY_PHASE_STRIP = NO;
				DEBUG_INFORMATION_FORMAT = "dwarf-with-dsym";
				ENABLE_NS_ASSERTIONS = NO;
				ENABLE_STRICT_OBJC_MSGSEND = YES;
				GCC_C_LANGUAGE_STANDARD = gnu11;
				GCC_NO_COMMON_BLOCKS = YES;
				GCC_WARN_64_TO_32_BIT_CONVERSION = YES;
				GCC_WARN_ABOUT_RETURN_TYPE = YES_ERROR;
				GCC_WARN_UNDECLARED_SELECTOR = YES;
				GCC_WARN_UNINITIALIZED_AUTOS = YES_AGGRESSIVE;
				GCC_WARN_UNUSED_FUNCTION = YES;
				GCC_WARN_UNUSED_VARIABLE = YES;
				IPHONEOS_DEPLOYMENT_TARGET = 16.0;
				MTL_ENABLE_DEBUG_INFO = NO;
				MTL_FAST_MATH = YES;
				SDKROOT = iphoneos;
				SWIFT_COMPILATION_MODE = wholemodule;
				SWIFT_OPTIMIZATION_LEVEL = "-O";
				VALIDATE_PRODUCT = YES;
			};
			name = Release;
		};
		519BBB56292F737400FC064C /* Debug */ = {
			isa = XCBuildConfiguration;
			buildSettings = {
				ASSETCATALOG_COMPILER_APPICON_NAME = AppIcon;
				ASSETCATALOG_COMPILER_GLOBAL_ACCENT_COLOR_NAME = AccentColor;
				CODE_SIGN_STYLE = Automatic;
				CURRENT_PROJECT_VERSION = 1;
				DEVELOPMENT_ASSET_PATHS = "\"CheckYourAnswer/Preview Content\"";
				DEVELOPMENT_TEAM = GB5Z88B74J;
				ENABLE_PREVIEWS = YES;
				GENERATE_INFOPLIST_FILE = YES;
				INFOPLIST_KEY_UIApplicationSceneManifest_Generation = YES;
				INFOPLIST_KEY_UIApplicationSupportsIndirectInputEvents = YES;
				INFOPLIST_KEY_UILaunchScreen_Generation = YES;
				INFOPLIST_KEY_UISupportedInterfaceOrientations_iPad = "UIInterfaceOrientationPortrait UIInterfaceOrientationPortraitUpsideDown UIInterfaceOrientationLandscapeLeft UIInterfaceOrientationLandscapeRight";
				INFOPLIST_KEY_UISupportedInterfaceOrientations_iPhone = "UIInterfaceOrientationPortrait UIInterfaceOrientationLandscapeLeft UIInterfaceOrientationLandscapeRight";
				LD_RUNPATH_SEARCH_PATHS = (
					"$(inherited)",
					"@executable_path/Frameworks",
				);
				MARKETING_VERSION = 1.0;
				PRODUCT_BUNDLE_IDENTIFIER = edu.testing.purposes.CheckYourAnswer;
				PRODUCT_NAME = "$(TARGET_NAME)";
				SWIFT_EMIT_LOC_STRINGS = YES;
				SWIFT_VERSION = 5.0;
				TARGETED_DEVICE_FAMILY = "1,2";
			};
			name = Debug;
		};
		519BBB57292F737400FC064C /* Release */ = {
			isa = XCBuildConfiguration;
			buildSettings = {
				ASSETCATALOG_COMPILER_APPICON_NAME = AppIcon;
				ASSETCATALOG_COMPILER_GLOBAL_ACCENT_COLOR_NAME = AccentColor;
				CODE_SIGN_STYLE = Automatic;
				CURRENT_PROJECT_VERSION = 1;
				DEVELOPMENT_ASSET_PATHS = "\"CheckYourAnswer/Preview Content\"";
				DEVELOPMENT_TEAM = GB5Z88B74J;
				ENABLE_PREVIEWS = YES;
				GENERATE_INFOPLIST_FILE = YES;
				INFOPLIST_KEY_UIApplicationSceneManifest_Generation = YES;
				INFOPLIST_KEY_UIApplicationSupportsIndirectInputEvents = YES;
				INFOPLIST_KEY_UILaunchScreen_Generation = YES;
				INFOPLIST_KEY_UISupportedInterfaceOrientations_iPad = "UIInterfaceOrientationPortrait UIInterfaceOrientationPortraitUpsideDown UIInterfaceOrientationLandscapeLeft UIInterfaceOrientationLandscapeRight";
				INFOPLIST_KEY_UISupportedInterfaceOrientations_iPhone = "UIInterfaceOrientationPortrait UIInterfaceOrientationLandscapeLeft UIInterfaceOrientationLandscapeRight";
				LD_RUNPATH_SEARCH_PATHS = (
					"$(inherited)",
					"@executable_path/Frameworks",
				);
				MARKETING_VERSION = 1.0;
				PRODUCT_BUNDLE_IDENTIFIER = edu.testing.purposes.CheckYourAnswer;
				PRODUCT_NAME = "$(TARGET_NAME)";
				SWIFT_EMIT_LOC_STRINGS = YES;
				SWIFT_VERSION = 5.0;
				TARGETED_DEVICE_FAMILY = "1,2";
			};
			name = Release;
		};
/* End XCBuildConfiguration section */

/* Begin XCConfigurationList section */
		519BBB42292F736E00FC064C /* Build configuration list for PBXProject "CheckYourAnswer" */ = {
			isa = XCConfigurationList;
			buildConfigurations = (
				519BBB53292F737400FC064C /* Debug */,
				519BBB54292F737400FC064C /* Release */,
			);
			defaultConfigurationIsVisible = 0;
			defaultConfigurationName = Release;
		};
		519BBB55292F737400FC064C /* Build configuration list for PBXNativeTarget "CheckYourAnswer" */ = {
			isa = XCConfigurationList;
			buildConfigurations = (
				519BBB56292F737400FC064C /* Debug */,
				519BBB57292F737400FC064C /* Release */,
			);
			defaultConfigurationIsVisible = 0;
			defaultConfigurationName = Release;
		};
/* End XCConfigurationList section */
	};
	rootObject = 519BBB3F292F736E00FC064C /* Project object */;
}
